<?xml version="1.0" encoding="utf-8"?>
<Project ToolsVersion="4.0" xmlns="http://schemas.microsoft.com/developer/msbuild/2003">
  <ItemGroup>
    <Filter Include="Core">
      <UniqueIdentifier>{5451e5d0-65dd-45a7-97b0-8c1c47408481}</UniqueIdentifier>
    </Filter>
    <Filter Include="Core\Systems">
      <UniqueIdentifier>{b3222c33-b409-45cc-830b-a2b197bc4873}</UniqueIdentifier>
    </Filter>
    <Filter Include="Proxy">
      <UniqueIdentifier>{b39b8137-507d-42c6-a0bb-e92d9839472c}</UniqueIdentifier>
    </Filter>
    <Filter Include="External">
      <UniqueIdentifier>{35c61b1a-bb5a-4f20-a1a1-fa3d130e5794}</UniqueIdentifier>
    </Filter>
    <Filter Include="Core\Common">
      <UniqueIdentifier>{c5d8cc20-924e-44e4-8517-a94106c80c2b}</UniqueIdentifier>
    </Filter>
    <Filter Include="External\imgui">
      <UniqueIdentifier>{bc0a8ded-f501-4796-845e-8c9be458ec67}</UniqueIdentifier>
    </Filter>
    <Filter Include="External\minhook">
      <UniqueIdentifier>{ec12dc31-8d99-438f-b088-3b3c821f3326}</UniqueIdentifier>
    </Filter>
    <Filter Include="External\imgui\backends">
      <UniqueIdentifier>{a0d7d8ef-8c90-4442-be9a-9d4efa68e0c8}</UniqueIdentifier>
    </Filter>
    <Filter Include="External\minhook\hde">
      <UniqueIdentifier>{17d6e520-dc78-4668-b388-5010c61e167d}</UniqueIdentifier>
    </Filter>
    <Filter Include="Core\States">
      <UniqueIdentifier>{27a5a46a-6a14-4a14-b92e-d18622ee85eb}</UniqueIdentifier>
    </Filter>
    <Filter Include="Core\Hooks">
      <UniqueIdentifier>{e321b691-32f2-4951-a478-d1d9e6d9b84f}</UniqueIdentifier>
    </Filter>
    <Filter Include="Core\Threads">
      <UniqueIdentifier>{b1c15104-2fec-44f5-9633-73b57f77e41b}</UniqueIdentifier>
    </Filter>
    <Filter Include="Core\States\Domain">
      <UniqueIdentifier>{77dae797-c8d9-4ef3-8ba6-86dfe1168115}</UniqueIdentifier>
    </Filter>
    <Filter Include="Core\States\Infrastructure">
      <UniqueIdentifier>{5911c1aa-49de-4da8-abcf-f36944bc8ae6}</UniqueIdentifier>
    </Filter>
    <Filter Include="Core\Systems\Domain">
      <UniqueIdentifier>{6ac9e185-a37f-41cd-bdf8-68fd9d92603e}</UniqueIdentifier>
    </Filter>
    <Filter Include="Core\Systems\Interface">
      <UniqueIdentifier>{43c62b98-29df-49c1-84e0-e697591d846c}</UniqueIdentifier>
    </Filter>
    <Filter Include="Core\States\Interface">
      <UniqueIdentifier>{6bb77379-708a-4910-94eb-13513d85339c}</UniqueIdentifier>
    </Filter>
    <Filter Include="Core\Systems\Infrastructure">
      <UniqueIdentifier>{030948d9-a9be-4e53-8aed-b6c2d1594140}</UniqueIdentifier>
    </Filter>
    <Filter Include="Core\UI">
      <UniqueIdentifier>{4591bf68-a2aa-4ce6-b51e-3f11c13de7bd}</UniqueIdentifier>
    </Filter>
    <Filter Include="Core\States\Infrastructure\Engine">
      <UniqueIdentifier>{0c459414-b6cc-42c4-8741-3c0cd5a6040d}</UniqueIdentifier>
    </Filter>
    <Filter Include="Core\States\Infrastructure\Persistence">
      <UniqueIdentifier>{efde284a-ab37-46ba-8686-4d4c14740f64}</UniqueIdentifier>
    </Filter>
    <Filter Include="Core\Systems\Infrastructure\Engine">
      <UniqueIdentifier>{a5040635-5199-475d-afe5-99b3e6d4db9e}</UniqueIdentifier>
    </Filter>
    <Filter Include="Core\Systems\Infrastructure\Persistence">
      <UniqueIdentifier>{add3505e-6aa3-40c3-87d6-105182bc44f1}</UniqueIdentifier>
    </Filter>
    <Filter Include="Core\Threads\Domain">
      <UniqueIdentifier>{f15e10ab-ca37-4c85-9bab-0f9c436df9b2}</UniqueIdentifier>
    </Filter>
    <Filter Include="Core\Threads\Infrastructure">
      <UniqueIdentifier>{71655b37-5fe3-4835-924b-664180fe5e04}</UniqueIdentifier>
    </Filter>
    <Filter Include="Core\Systems\Domain\Tables">
      <UniqueIdentifier>{7ebf0bf9-7c63-4a5d-9e4c-03620332f62c}</UniqueIdentifier>
    </Filter>
    <Filter Include="Core\Systems\Domain\Legacy">
      <UniqueIdentifier>{0d57b8c3-2bba-4986-b1e7-dd83501e00b3}</UniqueIdentifier>
    </Filter>
    <Filter Include="Core\States\Domain\Map">
      <UniqueIdentifier>{921efa0a-22a1-4b93-8fc5-4a404387e8d8}</UniqueIdentifier>
    </Filter>
    <Filter Include="Core\States\Domain\Tables">
      <UniqueIdentifier>{8c9c074c-7d7c-4d40-a616-1bdba949adb1}</UniqueIdentifier>
    </Filter>
    <Filter Include="Core\States\Domain\Legacy">
      <UniqueIdentifier>{688cb428-4b61-498d-be75-5ecef4a2c6e2}</UniqueIdentifier>
    </Filter>
    <Filter Include="Core\States\Domain\Graph">
      <UniqueIdentifier>{75474616-a869-44da-8c63-28b1333d8af0}</UniqueIdentifier>
    </Filter>
    <Filter Include="Core\Systems\Domain\Graph">
      <UniqueIdentifier>{b3be9164-9cbd-4c41-847f-ed79605f5335}</UniqueIdentifier>
    </Filter>
    <Filter Include="Core\States\Domain\Interactable">
      <UniqueIdentifier>{3b9ebc25-5544-489b-a721-a56b3028b722}</UniqueIdentifier>
    </Filter>
    <Filter Include="Core\Systems\Domain\Interactable">
      <UniqueIdentifier>{5ec4e7f1-8b06-418a-b56e-308f4da4d3d1}</UniqueIdentifier>
    </Filter>
    <Filter Include="Core\States\Domain\Map\Bloc">
      <UniqueIdentifier>{16188884-d97c-4219-bf1a-77b2e73d3a86}</UniqueIdentifier>
    </Filter>
    <Filter Include="Core\States\Domain\Map\Coll">
      <UniqueIdentifier>{78acdf9d-2fdf-48d5-9fee-d0cb8f26e8f7}</UniqueIdentifier>
    </Filter>
    <Filter Include="Core\States\Domain\Map\Mode">
      <UniqueIdentifier>{6874e295-cd69-4edb-a4e2-e73f49a1e55b}</UniqueIdentifier>
    </Filter>
    <Filter Include="Core\States\Domain\Map\Phmo">
      <UniqueIdentifier>{7850700d-41f7-4608-b461-26346a4413b6}</UniqueIdentifier>
    </Filter>
    <Filter Include="Core\States\Domain\Map\Proj">
      <UniqueIdentifier>{f3570e2f-beec-4b65-8eeb-dab88c1bed9a}</UniqueIdentifier>
    </Filter>
    <Filter Include="Core\States\Domain\Map\Sbsp">
      <UniqueIdentifier>{7fe9add6-4b75-4fb5-b7fa-5c721d495665}</UniqueIdentifier>
    </Filter>
    <Filter Include="Core\States\Domain\Map\Vehi">
      <UniqueIdentifier>{f14cbd7d-3ad1-436f-ab4b-aff41b6590aa}</UniqueIdentifier>
    </Filter>
    <Filter Include="Core\States\Domain\Map\Weap">
      <UniqueIdentifier>{b21fefa4-7421-42e7-8a1e-3af00249ab81}</UniqueIdentifier>
    </Filter>
    <Filter Include="Core\States\Domain\Map\Bipd">
      <UniqueIdentifier>{340cd77b-dcd4-4f45-bda4-7074559e6e5d}</UniqueIdentifier>
    </Filter>
    <Filter Include="Core\States\Domain\Map\Eqip">
      <UniqueIdentifier>{949ae07b-d3c1-445a-b64a-2eb6f16df5f1}</UniqueIdentifier>
    </Filter>
    <Filter Include="Core\States\Domain\Map\Scen">
      <UniqueIdentifier>{2a393339-e2bf-4d1f-ae8d-3205611d8372}</UniqueIdentifier>
    </Filter>
    <Filter Include="Core\States\Domain\Map\Scnr">
      <UniqueIdentifier>{92fd392c-6cfc-4038-9005-997473dbf30d}</UniqueIdentifier>
    </Filter>
    <Filter Include="Core\States\Domain\Map\Jmad">
      <UniqueIdentifier>{c74e22de-521e-4f84-a76e-aa1877c68deb}</UniqueIdentifier>
    </Filter>
    <Filter Include="Core\States\Domain\Map\Ctrl">
      <UniqueIdentifier>{17d0be79-3d61-4495-8950-66be11e3a6b1}</UniqueIdentifier>
    </Filter>
    <Filter Include="Core\States\Domain\Navigation">
      <UniqueIdentifier>{3b73085e-9e6f-4035-8513-8326d7e6e4b1}</UniqueIdentifier>
    </Filter>
    <Filter Include="Core\Systems\Domain\Navigation">
      <UniqueIdentifier>{dc0c6e13-4494-4bb0-9776-12b28bf4960a}</UniqueIdentifier>
    </Filter>
    <Filter Include="Core\Systems\Domain\Map">
      <UniqueIdentifier>{d5b5b3eb-b04a-4830-ab0b-7cc8d6b21bc7}</UniqueIdentifier>
    </Filter>
    <Filter Include="Core\Systems\Domain\Environment">
      <UniqueIdentifier>{2790234d-fd41-4c42-86c0-189fbc104813}</UniqueIdentifier>
    </Filter>
    <Filter Include="Core\Systems\Domain\Environment\Coll">
      <UniqueIdentifier>{0a56bd99-00f6-4164-aa42-0d054f75efec}</UniqueIdentifier>
    </Filter>
    <Filter Include="Core\States\Domain\Environment">
      <UniqueIdentifier>{b395062e-ff8a-4c7d-81a7-55f4228f431c}</UniqueIdentifier>
    </Filter>
    <Filter Include="Core\Systems\Domain\Environment\Phmo">
      <UniqueIdentifier>{d508236d-7bf3-43bd-9eac-6bbee3655bf1}</UniqueIdentifier>
    </Filter>
    <Filter Include="Core\Systems\Domain\Environment\Mode">
      <UniqueIdentifier>{0326e6b5-8647-465c-9535-ea7545e42671}</UniqueIdentifier>
    </Filter>
    <Filter Include="Core\Systems\Domain\Navigation\Sbsp">
      <UniqueIdentifier>{7b8c54c2-75da-4e2a-a740-fc7128fb3288}</UniqueIdentifier>
    </Filter>
    <Filter Include="Core\Systems\Domain\Interactable\Vehi">
      <UniqueIdentifier>{f37c3ae0-d295-451c-b678-40c4bfee0f22}</UniqueIdentifier>
    </Filter>
    <Filter Include="Core\Common\Map">
      <UniqueIdentifier>{18da7c1b-ebd5-49b1-9ae9-f315612db1f0}</UniqueIdentifier>
    </Filter>
    <Filter Include="Core\Common\Scanner">
      <UniqueIdentifier>{b501fa5a-1fa7-476c-b4f0-1818a54ac7f8}</UniqueIdentifier>
    </Filter>
    <Filter Include="Core\Hooks\Domain">
      <UniqueIdentifier>{f606c2e2-d2f2-4e13-b40c-1ba672ac849e}</UniqueIdentifier>
    </Filter>
    <Filter Include="Core\Hooks\Infrastructure">
      <UniqueIdentifier>{679869b6-d036-4ef2-9599-ba8824bc50f7}</UniqueIdentifier>
    </Filter>
    <Filter Include="Core\Hooks\Infrastructure\Lifecycle">
      <UniqueIdentifier>{b869ddd3-cd8b-4eb4-b7b7-eb0afa97ccb8}</UniqueIdentifier>
    </Filter>
    <Filter Include="Core\Hooks\Infrastructure\Input">
      <UniqueIdentifier>{f28f7099-5825-44af-9bde-4159cdb66c4a}</UniqueIdentifier>
    </Filter>
    <Filter Include="Core\Hooks\Infrastructure\Render">
      <UniqueIdentifier>{b49cf330-dbb9-432d-97ff-6dbeb624f3fa}</UniqueIdentifier>
    </Filter>
    <Filter Include="Core\Hooks\Infrastructure\Window">
      <UniqueIdentifier>{26f298d9-c19a-4d06-b1e5-a60af1e2ef21}</UniqueIdentifier>
    </Filter>
    <Filter Include="Core\Hooks\Domain\Map">
      <UniqueIdentifier>{b9c8787e-581f-4c33-80a5-141339524c7b}</UniqueIdentifier>
    </Filter>
    <Filter Include="Core\Hooks\Domain\Tables">
      <UniqueIdentifier>{9a6373a9-36a3-4a10-a68e-13355c63f34d}</UniqueIdentifier>
    </Filter>
    <Filter Include="Core\Hooks\Domain\Legacy">
      <UniqueIdentifier>{1c7f94ca-4884-4cf6-88c9-142085ac5a43}</UniqueIdentifier>
    </Filter>
    <Filter Include="Core\UI\Infrastructure">
      <UniqueIdentifier>{8a333c10-fd60-41fd-9497-b48ae9db427b}</UniqueIdentifier>
    </Filter>
    <Filter Include="Core\UI\Domain">
      <UniqueIdentifier>{3f848fcc-6784-4a6a-a181-cded28d12082}</UniqueIdentifier>
    </Filter>
    <Filter Include="Core\UI\Domain\Graph">
      <UniqueIdentifier>{79d11186-0148-4aef-b129-3843e0803438}</UniqueIdentifier>
    </Filter>
    <Filter Include="Core\UI\Domain\Tables">
      <UniqueIdentifier>{acccf94c-2922-4d32-9c4a-9f9a1c8c83bd}</UniqueIdentifier>
    </Filter>
    <Filter Include="Core\UI\Domain\Interactable">
      <UniqueIdentifier>{fbf71f33-a4a2-45ec-b2c3-85497b38158b}</UniqueIdentifier>
    </Filter>
    <Filter Include="Core\UI\Interface">
      <UniqueIdentifier>{914cb15e-9a6c-46dd-ba62-5a0afc6e83ab}</UniqueIdentifier>
    </Filter>
    <Filter Include="Core\UI\Domain\Legacy">
      <UniqueIdentifier>{8c68db6d-bb79-4dd3-a065-42d3224053a0}</UniqueIdentifier>
    </Filter>
    <Filter Include="Core\Types">
      <UniqueIdentifier>{c38259af-e292-4115-a5b0-c69bfe76684e}</UniqueIdentifier>
    </Filter>
    <Filter Include="Core\Types\Domain">
      <UniqueIdentifier>{a658f6a0-103a-433a-8cf2-dce5a681d7ab}</UniqueIdentifier>
    </Filter>
    <Filter Include="Core\Types\Domain\Tables">
      <UniqueIdentifier>{310504a2-7614-42c0-b66d-4ef582d293a8}</UniqueIdentifier>
    </Filter>
    <Filter Include="Core\Types\Domain\Map">
      <UniqueIdentifier>{bde60d91-0038-4664-b2e0-aea96c97b500}</UniqueIdentifier>
    </Filter>
    <Filter Include="Core\Types\Domain\Graph">
      <UniqueIdentifier>{4eb8da7e-5e09-45d4-9d13-cd9a001c0737}</UniqueIdentifier>
    </Filter>
    <Filter Include="Core\Types\Domain\Legacy">
      <UniqueIdentifier>{04f05cd4-2008-4fd9-be2f-3a83c43ff687}</UniqueIdentifier>
    </Filter>
    <Filter Include="Core\Types\Domain\Domains">
      <UniqueIdentifier>{62fc3f08-4664-4fca-b179-6760d60510a0}</UniqueIdentifier>
    </Filter>
    <Filter Include="Core\Types\Domain\Domains\Interactable">
      <UniqueIdentifier>{e1d77f25-20df-4dd3-b7e3-77b002ffb7f8}</UniqueIdentifier>
    </Filter>
    <Filter Include="Core\Types\Domain\Domains\Environment">
      <UniqueIdentifier>{0495cfb4-8485-4ed7-898d-7b5f36dc28ea}</UniqueIdentifier>
    </Filter>
    <Filter Include="Core\Types\Domain\Domains\Navigation">
      <UniqueIdentifier>{a267914e-5698-42ac-99ed-14852d656398}</UniqueIdentifier>
    </Filter>
    <Filter Include="Core\Types\Infrastructure">
      <UniqueIdentifier>{130e6949-aa84-4d8f-b561-eee8bf0ef79d}</UniqueIdentifier>
    </Filter>
    <Filter Include="Core\Types\Interface">
      <UniqueIdentifier>{524fbcca-a767-4dad-a20a-48505cbf1b65}</UniqueIdentifier>
    </Filter>
    <Filter Include="Core\Systems\Domain\Environment\Scnr">
      <UniqueIdentifier>{4a789825-66c1-4321-83a2-3b4a9dc3b8f4}</UniqueIdentifier>
    </Filter>
    <Filter Include="Core\Systems\Domain\Environment\Bipd">
      <UniqueIdentifier>{a66b1b05-ab7a-434e-88bf-8a623f7ed285}</UniqueIdentifier>
    </Filter>
    <Filter Include="Core\Systems\Domain\Interactable\Eqip">
      <UniqueIdentifier>{8de2ee93-5576-4769-be10-47dc564395fe}</UniqueIdentifier>
    </Filter>
    <Filter Include="Core\Systems\Domain\Interactable\Weap">
      <UniqueIdentifier>{f2f22c5a-1477-4ce0-bcef-f989a4e2152f}</UniqueIdentifier>
    </Filter>
    <Filter Include="Core\Systems\Domain\Interactable\Projectile">
      <UniqueIdentifier>{db994ff6-15ef-47fe-b4fc-656d6f5a19ae}</UniqueIdentifier>
    </Filter>
    <Filter Include="Core\States\Domain\Map\Mach">
      <UniqueIdentifier>{487513ac-b532-444b-88e4-dde82b4ce7b6}</UniqueIdentifier>
    </Filter>
    <Filter Include="Core\Systems\Domain\Interactable\Ctrl">
      <UniqueIdentifier>{5939e5cb-eb48-4b7f-992b-8e3a86a67456}</UniqueIdentifier>
    </Filter>
    <Filter Include="Core\Systems\Domain\Navigation\Scen">
      <UniqueIdentifier>{f081afe4-ec4a-405b-a616-1d39df457bae}</UniqueIdentifier>
    </Filter>
    <Filter Include="Core\Systems\Domain\Environment\Scen">
      <UniqueIdentifier>{27910978-5585-4421-9d81-d54c844d13aa}</UniqueIdentifier>
    </Filter>
    <Filter Include="Core\Systems\Domain\Navigation\Bloc">
      <UniqueIdentifier>{63e101a8-503b-43ac-b06a-f101cf82ccaa}</UniqueIdentifier>
    </Filter>
    <Filter Include="Core\Systems\Domain\Navigation\Mach">
      <UniqueIdentifier>{ba0c265b-ae57-489f-90df-967a19c1a2b9}</UniqueIdentifier>
    </Filter>
  </ItemGroup>
  <ItemGroup>
    <ClInclude Include="Proxy\ProxyExports.h">
      <Filter>Proxy</Filter>
    </ClInclude>
    <ClInclude Include="External\imgui\imgui.h">
      <Filter>External\imgui</Filter>
    </ClInclude>
    <ClInclude Include="External\imgui\imgui_internal.h">
      <Filter>External\imgui</Filter>
    </ClInclude>
    <ClInclude Include="External\minhook\include\MinHook.h">
      <Filter>External\minhook</Filter>
    </ClInclude>
    <ClInclude Include="External\imgui\backends\imgui_impl_dx11.h">
      <Filter>External\imgui\backends</Filter>
    </ClInclude>
    <ClInclude Include="External\imgui\backends\imgui_impl_win32.h">
      <Filter>External\imgui\backends</Filter>
    </ClInclude>
    <ClInclude Include="Core\States\Interface\State_Debug.h">
      <Filter>Core\States\Interface</Filter>
    </ClInclude>
    <ClInclude Include="Core\Systems\Interface\System_Debug.h">
      <Filter>Core\Systems\Interface</Filter>
    </ClInclude>
    <ClInclude Include="Core\UI\UI_Main.h">
      <Filter>Core\UI</Filter>
    </ClInclude>
    <ClInclude Include="Core\States\Core_State.h">
      <Filter>Core\States</Filter>
    </ClInclude>
    <ClInclude Include="Core\Systems\Core_System.h">
      <Filter>Core\Systems</Filter>
    </ClInclude>
    <ClInclude Include="Core\Threads\Core_Thread.h">
      <Filter>Core\Threads</Filter>
    </ClInclude>
    <ClInclude Include="Core\UI\Core_UI.h">
      <Filter>Core\UI</Filter>
    </ClInclude>
    <ClInclude Include="Core\DllMain.h">
      <Filter>Core</Filter>
    </ClInclude>
    <ClInclude Include="Core\States\Infrastructure\Engine\State_Input.h">
      <Filter>Core\States\Infrastructure\Engine</Filter>
    </ClInclude>
    <ClInclude Include="Core\States\Infrastructure\Engine\State_Lifecycle.h">
      <Filter>Core\States\Infrastructure\Engine</Filter>
    </ClInclude>
    <ClInclude Include="Core\States\Infrastructure\Engine\State_Render.h">
      <Filter>Core\States\Infrastructure\Engine</Filter>
    </ClInclude>
    <ClInclude Include="Core\States\Infrastructure\Persistence\State_Settings.h">
      <Filter>Core\States\Infrastructure\Persistence</Filter>
    </ClInclude>
    <ClInclude Include="Core\Systems\Infrastructure\Engine\System_Input.h">
      <Filter>Core\Systems\Infrastructure\Engine</Filter>
    </ClInclude>
    <ClInclude Include="Core\Systems\Infrastructure\Engine\System_Lifecycle.h">
      <Filter>Core\Systems\Infrastructure\Engine</Filter>
    </ClInclude>
    <ClInclude Include="Core\Systems\Infrastructure\Engine\System_Render.h">
      <Filter>Core\Systems\Infrastructure\Engine</Filter>
    </ClInclude>
    <ClInclude Include="Core\Systems\Infrastructure\Engine\System_Scanner.h">
      <Filter>Core\Systems\Infrastructure\Engine</Filter>
    </ClInclude>
    <ClInclude Include="Core\Systems\Infrastructure\Persistence\System_Preferences.h">
      <Filter>Core\Systems\Infrastructure\Persistence</Filter>
    </ClInclude>
    <ClInclude Include="Core\Systems\Infrastructure\Persistence\System_Settings.h">
      <Filter>Core\Systems\Infrastructure\Persistence</Filter>
    </ClInclude>
    <ClInclude Include="Core\States\Domain\Core_State_Domain.h">
      <Filter>Core\States\Domain</Filter>
    </ClInclude>
    <ClInclude Include="Core\States\Infrastructure\Core_State_Infrastructure.h">
      <Filter>Core\States\Infrastructure</Filter>
    </ClInclude>
    <ClInclude Include="Core\Systems\Domain\Core_System_Domain.h">
      <Filter>Core\Systems\Domain</Filter>
    </ClInclude>
    <ClInclude Include="Core\Systems\Infrastructure\Core_System_Infrastructure.h">
      <Filter>Core\Systems\Infrastructure</Filter>
    </ClInclude>
    <ClInclude Include="Core\Threads\Domain\Thread_Main.h">
      <Filter>Core\Threads\Domain</Filter>
    </ClInclude>
    <ClInclude Include="Core\Threads\Infrastructure\Thread_Input.h">
      <Filter>Core\Threads\Infrastructure</Filter>
    </ClInclude>
    <ClInclude Include="Core\Systems\Infrastructure\Engine\System_Thread.h">
      <Filter>Core\Systems\Infrastructure\Engine</Filter>
    </ClInclude>
    <ClInclude Include="framework.h" />
    <ClInclude Include="pch.h" />
    <ClInclude Include="Core\Hooks\Core_Hook.h">
      <Filter>Core\Hooks</Filter>
    </ClInclude>
    <ClInclude Include="Core\Systems\Infrastructure\Engine\System_Format.h">
      <Filter>Core\Systems\Infrastructure\Engine</Filter>
    </ClInclude>
    <ClInclude Include="Core\Systems\Infrastructure\Engine\System_Dialog.h">
      <Filter>Core\Systems\Infrastructure\Engine</Filter>
    </ClInclude>
    <ClInclude Include="Core\Threads\Domain\Thread_AI.h">
      <Filter>Core\Threads\Domain</Filter>
    </ClInclude>
    <ClInclude Include="Core\Systems\Domain\Tables\System_ObjectTable.h">
      <Filter>Core\Systems\Domain\Tables</Filter>
    </ClInclude>
    <ClInclude Include="Core\Systems\Domain\Map\System_Map.h">
      <Filter>Core\Systems\Domain\Map</Filter>
    </ClInclude>
    <ClInclude Include="Core\Systems\Domain\Legacy\System_Timeline.h">
      <Filter>Core\Systems\Domain\Legacy</Filter>
    </ClInclude>
    <ClInclude Include="Core\Systems\Domain\Legacy\System_EventRegistry.h">
      <Filter>Core\Systems\Domain\Legacy</Filter>
    </ClInclude>
    <ClInclude Include="Core\States\Domain\Legacy\State_EventRegistry.h">
      <Filter>Core\States\Domain\Legacy</Filter>
    </ClInclude>
    <ClInclude Include="Core\States\Domain\Legacy\State_Timeline.h">
      <Filter>Core\States\Domain\Legacy</Filter>
    </ClInclude>
    <ClInclude Include="Core\States\Domain\Tables\State_ObjectTable.h">
      <Filter>Core\States\Domain\Tables</Filter>
    </ClInclude>
    <ClInclude Include="Core\Systems\Domain\Tables\System_PlayerTable.h">
      <Filter>Core\Systems\Domain\Tables</Filter>
    </ClInclude>
    <ClInclude Include="Core\States\Domain\Tables\State_PlayerTable.h">
      <Filter>Core\States\Domain\Tables</Filter>
    </ClInclude>
    <ClInclude Include="Core\States\Domain\Graph\State_ObjectGraph.h">
      <Filter>Core\States\Domain\Graph</Filter>
    </ClInclude>
    <ClInclude Include="Core\Systems\Domain\Graph\System_ObjectGraph.h">
      <Filter>Core\Systems\Domain\Graph</Filter>
    </ClInclude>
    <ClInclude Include="Core\Common\Mod_Core.h">
      <Filter>Core\Common</Filter>
    </ClInclude>
    <ClInclude Include="Core\States\Domain\Interactable\State_Interactable.h">
      <Filter>Core\States\Domain\Interactable</Filter>
    </ClInclude>
    <ClInclude Include="Core\Systems\Domain\Interactable\System_Interactable.h">
      <Filter>Core\Systems\Domain\Interactable</Filter>
    </ClInclude>
    <ClInclude Include="Core\Systems\Domain\Tables\System_InteractionTable.h">
      <Filter>Core\Systems\Domain\Tables</Filter>
    </ClInclude>
    <ClInclude Include="Core\States\Domain\Tables\State_InteractionTable.h">
      <Filter>Core\States\Domain\Tables</Filter>
    </ClInclude>
    <ClInclude Include="Core\Systems\Domain\Map\TagGroupReader.h">
      <Filter>Core\Systems\Domain\Map</Filter>
    </ClInclude>
    <ClInclude Include="Core\Systems\Domain\Map\System_MapTagGroup.h">
      <Filter>Core\Systems\Domain\Map</Filter>
    </ClInclude>
    <ClInclude Include="Core\States\Domain\Map\State_Map.h">
      <Filter>Core\States\Domain\Map</Filter>
    </ClInclude>
    <ClInclude Include="Core\States\Domain\Map\Bloc\State_MapBloc.h">
      <Filter>Core\States\Domain\Map\Bloc</Filter>
    </ClInclude>
    <ClInclude Include="Core\States\Domain\Map\Coll\State_MapColl.h">
      <Filter>Core\States\Domain\Map\Coll</Filter>
    </ClInclude>
    <ClInclude Include="Core\States\Domain\Map\Mode\State_MapMode.h">
      <Filter>Core\States\Domain\Map\Mode</Filter>
    </ClInclude>
    <ClInclude Include="Core\States\Domain\Map\Phmo\State_MapPhmo.h">
      <Filter>Core\States\Domain\Map\Phmo</Filter>
    </ClInclude>
    <ClInclude Include="Core\States\Domain\Map\Proj\State_MapProj.h">
      <Filter>Core\States\Domain\Map\Proj</Filter>
    </ClInclude>
    <ClInclude Include="Core\States\Domain\Map\Sbsp\State_MapSbsp.h">
      <Filter>Core\States\Domain\Map\Sbsp</Filter>
    </ClInclude>
    <ClInclude Include="Core\States\Domain\Map\Vehi\State_MapVehi.h">
      <Filter>Core\States\Domain\Map\Vehi</Filter>
    </ClInclude>
    <ClInclude Include="Core\States\Domain\Map\Weap\State_MapWeap.h">
      <Filter>Core\States\Domain\Map\Weap</Filter>
    </ClInclude>
    <ClInclude Include="Core\States\Domain\Map\Bipd\State_MapBipd.h">
      <Filter>Core\States\Domain\Map\Bipd</Filter>
    </ClInclude>
    <ClInclude Include="Core\States\Domain\Map\Eqip\State_MapEqip.h">
      <Filter>Core\States\Domain\Map\Eqip</Filter>
    </ClInclude>
    <ClInclude Include="Core\States\Domain\Map\Scen\State_MapScen.h">
      <Filter>Core\States\Domain\Map\Scen</Filter>
    </ClInclude>
    <ClInclude Include="Core\States\Domain\Map\Scnr\State_MapScnr.h">
      <Filter>Core\States\Domain\Map\Scnr</Filter>
    </ClInclude>
    <ClInclude Include="Core\States\Domain\Map\Jmad\State_MapJmad.h">
      <Filter>Core\States\Domain\Map\Jmad</Filter>
    </ClInclude>
    <ClInclude Include="Core\States\Domain\Map\Ctrl\State_MapCtrl.h">
      <Filter>Core\States\Domain\Map\Ctrl</Filter>
    </ClInclude>
    <ClInclude Include="Core\States\Domain\Navigation\State_Navigation.h">
      <Filter>Core\States\Domain\Navigation</Filter>
    </ClInclude>
    <ClInclude Include="Core\Systems\Domain\Navigation\System_Navigation.h">
      <Filter>Core\Systems\Domain\Navigation</Filter>
    </ClInclude>
    <ClInclude Include="Core\Systems\Domain\Environment\System_Environment.h">
      <Filter>Core\Systems\Domain\Environment</Filter>
    </ClInclude>
    <ClInclude Include="Core\Systems\Domain\Environment\Coll\System_CollGeometryBuilder.h">
      <Filter>Core\Systems\Domain\Environment\Coll</Filter>
    </ClInclude>
    <ClInclude Include="Core\States\Domain\Environment\State_Environment.h">
      <Filter>Core\States\Domain\Environment</Filter>
    </ClInclude>
    <ClInclude Include="Core\Systems\Domain\Environment\Phmo\System_PhmoGeometryBuilder.h">
      <Filter>Core\Systems\Domain\Environment\Phmo</Filter>
    </ClInclude>
    <ClInclude Include="Core\Systems\Domain\Environment\Mode\System_ModeGeometryBuilder.h">
      <Filter>Core\Systems\Domain\Environment\Mode</Filter>
    </ClInclude>
    <ClInclude Include="Core\Systems\Domain\Navigation\Sbsp\System_SbspGeometryBuilder.h">
      <Filter>Core\Systems\Domain\Navigation\Sbsp</Filter>
    </ClInclude>
    <ClInclude Include="Core\Systems\Domain\Navigation\Sbsp\System_SbspSeamLinker.h">
      <Filter>Core\Systems\Domain\Navigation\Sbsp</Filter>
    </ClInclude>
    <ClInclude Include="Core\Systems\Domain\Interactable\Vehi\System_VehiDataBuilder.h">
      <Filter>Core\Systems\Domain\Interactable\Vehi</Filter>
    </ClInclude>
    <ClInclude Include="Core\Common\Map\MapMagics.h">
      <Filter>Core\Common\Map</Filter>
    </ClInclude>
    <ClInclude Include="Core\Common\Map\MapOffsets.h">
      <Filter>Core\Common\Map</Filter>
    </ClInclude>
    <ClInclude Include="Core\Common\Scanner\Signatures.h">
      <Filter>Core\Common\Scanner</Filter>
    </ClInclude>
    <ClInclude Include="Core\Hooks\Domain\Legacy\Hook_BlamOpenFile.h">
      <Filter>Core\Hooks\Domain\Legacy</Filter>
    </ClInclude>
    <ClInclude Include="Core\Hooks\Domain\Legacy\Hook_BuildGameEvent.h">
      <Filter>Core\Hooks\Domain\Legacy</Filter>
    </ClInclude>
    <ClInclude Include="Core\Hooks\Domain\Map\Hook_BlamOpenMap.h">
      <Filter>Core\Hooks\Domain\Map</Filter>
    </ClInclude>
    <ClInclude Include="Core\Hooks\Domain\Tables\Hook_CreateObject.h">
      <Filter>Core\Hooks\Domain\Tables</Filter>
    </ClInclude>
    <ClInclude Include="Core\Hooks\Domain\Tables\Hook_CreatePlayer.h">
      <Filter>Core\Hooks\Domain\Tables</Filter>
    </ClInclude>
    <ClInclude Include="Core\Hooks\Domain\Tables\Hook_InteractionTable.h">
      <Filter>Core\Hooks\Domain\Tables</Filter>
    </ClInclude>
    <ClInclude Include="Core\Hooks\Domain\Tables\Hook_ObjectTable.h">
      <Filter>Core\Hooks\Domain\Tables</Filter>
    </ClInclude>
    <ClInclude Include="Core\Hooks\Domain\Tables\Hook_PlayerTable.h">
      <Filter>Core\Hooks\Domain\Tables</Filter>
    </ClInclude>
    <ClInclude Include="Core\Hooks\Domain\Tables\Hook_ReleaseObject.h">
      <Filter>Core\Hooks\Domain\Tables</Filter>
    </ClInclude>
    <ClInclude Include="Core\Hooks\Domain\Core_Hook_Domain.h">
      <Filter>Core\Hooks\Domain</Filter>
    </ClInclude>
    <ClInclude Include="Core\Hooks\Infrastructure\Input\Hook_GetButtonState.h">
      <Filter>Core\Hooks\Infrastructure\Input</Filter>
    </ClInclude>
    <ClInclude Include="Core\Hooks\Infrastructure\Input\Hook_GetRawInputData.h">
      <Filter>Core\Hooks\Infrastructure\Input</Filter>
    </ClInclude>
    <ClInclude Include="Core\Hooks\Infrastructure\Lifecycle\Hook_DestroySubsystems.h">
      <Filter>Core\Hooks\Infrastructure\Lifecycle</Filter>
    </ClInclude>
    <ClInclude Include="Core\Hooks\Infrastructure\Lifecycle\Hook_EngineInitialize.h">
      <Filter>Core\Hooks\Infrastructure\Lifecycle</Filter>
    </ClInclude>
    <ClInclude Include="Core\Hooks\Infrastructure\Lifecycle\Hook_GameEngineInit.h">
      <Filter>Core\Hooks\Infrastructure\Lifecycle</Filter>
    </ClInclude>
    <ClInclude Include="Core\Hooks\Infrastructure\Render\Hook_Present.h">
      <Filter>Core\Hooks\Infrastructure\Render</Filter>
    </ClInclude>
    <ClInclude Include="Core\Hooks\Infrastructure\Render\Hook_ResizeBuffers.h">
      <Filter>Core\Hooks\Infrastructure\Render</Filter>
    </ClInclude>
    <ClInclude Include="Core\Hooks\Infrastructure\Window\Hook_WndProc.h">
      <Filter>Core\Hooks\Infrastructure\Window</Filter>
    </ClInclude>
    <ClInclude Include="Core\Hooks\Infrastructure\Core_Hook_Infrastructure.h">
      <Filter>Core\Hooks\Infrastructure</Filter>
    </ClInclude>
    <ClInclude Include="Core\UI\Domain\Graph\UI_ObjectGraph.h">
      <Filter>Core\UI\Domain\Graph</Filter>
    </ClInclude>
    <ClInclude Include="Core\UI\Domain\Interactable\UI_Interactable.h">
      <Filter>Core\UI\Domain\Interactable</Filter>
    </ClInclude>
    <ClInclude Include="Core\UI\Domain\Tables\UI_ObjectTable.h">
      <Filter>Core\UI\Domain\Tables</Filter>
    </ClInclude>
    <ClInclude Include="Core\UI\Domain\Tables\UI_PlayerTable.h">
      <Filter>Core\UI\Domain\Tables</Filter>
    </ClInclude>
    <ClInclude Include="Core\UI\Infrastructure\UI_Settings.h">
      <Filter>Core\UI\Infrastructure</Filter>
    </ClInclude>
    <ClInclude Include="Core\UI\Interface\UI_Logs.h">
      <Filter>Core\UI\Interface</Filter>
    </ClInclude>
    <ClInclude Include="Core\UI\Domain\Legacy\UI_EventRegistry.h">
      <Filter>Core\UI\Domain\Legacy</Filter>
    </ClInclude>
    <ClInclude Include="Core\Types\Domain\Domains\Environment\CollGeometry.h">
      <Filter>Core\Types\Domain\Domains\Environment</Filter>
    </ClInclude>
    <ClInclude Include="Core\Types\Domain\Domains\Environment\ModeGeometry.h">
      <Filter>Core\Types\Domain\Domains\Environment</Filter>
    </ClInclude>
    <ClInclude Include="Core\Types\Domain\Domains\Environment\PhmoGeometry.h">
      <Filter>Core\Types\Domain\Domains\Environment</Filter>
    </ClInclude>
    <ClInclude Include="Core\Types\Domain\Domains\Interactable\InteractableTypes.h">
      <Filter>Core\Types\Domain\Domains\Interactable</Filter>
    </ClInclude>
    <ClInclude Include="Core\Types\Domain\Domains\Interactable\VehicleData.h">
      <Filter>Core\Types\Domain\Domains\Interactable</Filter>
    </ClInclude>
    <ClInclude Include="Core\Types\Domain\Domains\Navigation\SbspGeometry.h">
      <Filter>Core\Types\Domain\Domains\Navigation</Filter>
    </ClInclude>
    <ClInclude Include="Core\Types\Domain\Domains\TagProfile.h">
      <Filter>Core\Types\Domain\Domains</Filter>
    </ClInclude>
    <ClInclude Include="Core\Types\Domain\Graph\GraphTypes.h">
      <Filter>Core\Types\Domain\Graph</Filter>
    </ClInclude>
    <ClInclude Include="Core\Types\Domain\Legacy\TimelineTypes.h">
      <Filter>Core\Types\Domain\Legacy</Filter>
    </ClInclude>
    <ClInclude Include="Core\Types\Domain\Map\MapTypes.h">
      <Filter>Core\Types\Domain\Map</Filter>
    </ClInclude>
    <ClInclude Include="Core\Types\Domain\Tables\InteractionTypes.h">
      <Filter>Core\Types\Domain\Tables</Filter>
    </ClInclude>
    <ClInclude Include="Core\Types\Domain\Tables\ObjectTypes.h">
      <Filter>Core\Types\Domain\Tables</Filter>
    </ClInclude>
    <ClInclude Include="Core\Types\Domain\Tables\PlayerTypes.h">
      <Filter>Core\Types\Domain\Tables</Filter>
    </ClInclude>
    <ClInclude Include="Core\Types\Domain\BlamTypes.h">
      <Filter>Core\Types\Domain</Filter>
    </ClInclude>
    <ClInclude Include="Core\Types\Domain\ModTypes.h">
      <Filter>Core\Types\Domain</Filter>
    </ClInclude>
    <ClInclude Include="Core\Types\Infrastructure\DX11Types.h">
      <Filter>Core\Types\Infrastructure</Filter>
    </ClInclude>
    <ClInclude Include="Core\Types\Infrastructure\InputTypes.h">
      <Filter>Core\Types\Infrastructure</Filter>
    </ClInclude>
    <ClInclude Include="Core\Types\Infrastructure\SignatureTypes.h">
      <Filter>Core\Types\Infrastructure</Filter>
    </ClInclude>
    <ClInclude Include="Core\Types\Infrastructure\UITypes.h">
      <Filter>Core\Types\Infrastructure</Filter>
    </ClInclude>
    <ClInclude Include="Core\Types\Interface\LogTypes.h">
      <Filter>Core\Types\Interface</Filter>
    </ClInclude>
    <ClInclude Include="Core\Types\Domain\Domains\Environment\ScnrZones.h">
      <Filter>Core\Types\Domain\Domains\Environment</Filter>
    </ClInclude>
    <ClInclude Include="Core\Systems\Domain\Environment\Scnr\System_ScnrZoneBuilder.h">
      <Filter>Core\Systems\Domain\Environment\Scnr</Filter>
    </ClInclude>
    <ClInclude Include="Core\Types\Domain\Domains\Environment\BipdPhysicsData.h">
      <Filter>Core\Types\Domain\Domains\Environment</Filter>
    </ClInclude>
    <ClInclude Include="Core\Systems\Domain\Environment\Bipd\System_BipdDataBuilder.h">
      <Filter>Core\Systems\Domain\Environment\Bipd</Filter>
    </ClInclude>
    <ClInclude Include="Core\Types\Domain\Domains\Interactable\EquipmentData.h">
      <Filter>Core\Types\Domain\Domains\Interactable</Filter>
    </ClInclude>
    <ClInclude Include="Core\Systems\Domain\Interactable\Eqip\System_EqipDataBuilder.h">
      <Filter>Core\Systems\Domain\Interactable\Eqip</Filter>
    </ClInclude>
    <ClInclude Include="Core\Types\Domain\Domains\Interactable\WeaponData.h">
      <Filter>Core\Types\Domain\Domains\Interactable</Filter>
    </ClInclude>
    <ClInclude Include="Core\Systems\Domain\Interactable\Weap\System_WeapDataBuilder.h">
      <Filter>Core\Systems\Domain\Interactable\Weap</Filter>
    </ClInclude>
    <ClInclude Include="Core\Types\Domain\Domains\Interactable\ProjectileData.h">
      <Filter>Core\Types\Domain\Domains\Interactable</Filter>
    </ClInclude>
    <ClInclude Include="Core\Systems\Domain\Interactable\Proj\System_ProjDataBuilder.h">
      <Filter>Core\Systems\Domain\Interactable\Projectile</Filter>
    </ClInclude>
    <ClInclude Include="Core\States\Domain\Map\Mach\State_MapMach.h">
      <Filter>Core\States\Domain\Map\Mach</Filter>
    </ClInclude>
    <ClInclude Include="Core\Systems\Domain\Interactable\Ctrl\System_CtrlDataBuilder.h">
      <Filter>Core\Systems\Domain\Interactable\Ctrl</Filter>
    </ClInclude>
    <ClInclude Include="Core\Types\Domain\Domains\Interactable\ControlDeviceData.h">
      <Filter>Core\Types\Domain\Domains\Interactable</Filter>
    </ClInclude>
    <ClInclude Include="Core\Types\Domain\Domains\Environment\SceneryZoneData.h">
      <Filter>Core\Types\Domain\Domains\Environment</Filter>
    </ClInclude>
    <ClInclude Include="Core\Types\Domain\Domains\Navigation\ScenObstacleData.h">
      <Filter>Core\Types\Domain\Domains\Navigation</Filter>
    </ClInclude>
    <ClInclude Include="Core\Systems\Domain\Navigation\Scen\System_ScenObstacleBuilder.h">
      <Filter>Core\Systems\Domain\Navigation\Scen</Filter>
    </ClInclude>
    <ClInclude Include="Core\Systems\Domain\Environment\Scen\System_ScenZoneBuilder.h">
      <Filter>Core\Systems\Domain\Environment\Scen</Filter>
    </ClInclude>
    <ClInclude Include="Core\Types\Domain\Domains\Navigation\BlocObstacleData.h">
      <Filter>Core\Types\Domain\Domains\Navigation</Filter>
    </ClInclude>
    <ClInclude Include="Core\Types\Domain\Domains\Navigation\BlocTeleporterData.h">
      <Filter>Core\Types\Domain\Domains\Navigation</Filter>
    </ClInclude>
    <ClInclude Include="Core\Systems\Domain\Navigation\Bloc\System_BlocObstacleBuilder.h">
      <Filter>Core\Systems\Domain\Navigation\Bloc</Filter>
    </ClInclude>
    <ClInclude Include="Core\Systems\Domain\Navigation\Bloc\System_BlocTeleporterBuilder.h">
      <Filter>Core\Systems\Domain\Navigation\Bloc</Filter>
    </ClInclude>
    <ClInclude Include="Core\Types\Domain\Domains\Navigation\MachData.h">
      <Filter>Core\Types\Domain\Domains\Navigation</Filter>
    </ClInclude>
    <ClInclude Include="Core\Systems\Domain\Navigation\Mach\System_MachDataBuilder.h">
      <Filter>Core\Systems\Domain\Navigation\Mach</Filter>
    </ClInclude>
  </ItemGroup>
  <ItemGroup>
    <ClCompile Include="Core\DllMain.cpp">
      <Filter>Core</Filter>
    </ClCompile>
    <ClCompile Include="External\imgui\imgui.cpp">
      <Filter>External\imgui</Filter>
    </ClCompile>
    <ClCompile Include="External\imgui\imgui_demo.cpp">
      <Filter>External\imgui</Filter>
    </ClCompile>
    <ClCompile Include="External\imgui\imgui_draw.cpp">
      <Filter>External\imgui</Filter>
    </ClCompile>
    <ClCompile Include="External\imgui\imgui_tables.cpp">
      <Filter>External\imgui</Filter>
    </ClCompile>
    <ClCompile Include="External\imgui\imgui_widgets.cpp">
      <Filter>External\imgui</Filter>
    </ClCompile>
    <ClCompile Include="External\minhook\src\buffer.c">
      <Filter>External\minhook</Filter>
    </ClCompile>
    <ClCompile Include="External\minhook\src\hook.c">
      <Filter>External\minhook</Filter>
    </ClCompile>
    <ClCompile Include="External\minhook\src\trampoline.c">
      <Filter>External\minhook</Filter>
    </ClCompile>
    <ClCompile Include="External\imgui\backends\imgui_impl_dx11.cpp">
      <Filter>External\imgui\backends</Filter>
    </ClCompile>
    <ClCompile Include="External\imgui\backends\imgui_impl_win32.cpp">
      <Filter>External\imgui\backends</Filter>
    </ClCompile>
    <ClCompile Include="External\minhook\src\hde\hde32.c">
      <Filter>External\minhook\hde</Filter>
    </ClCompile>
    <ClCompile Include="External\minhook\src\hde\hde64.c">
      <Filter>External\minhook\hde</Filter>
    </ClCompile>
    <ClCompile Include="Core\States\Interface\State_Debug.cpp">
      <Filter>Core\States\Interface</Filter>
    </ClCompile>
    <ClCompile Include="Core\Systems\Interface\System_Debug.cpp">
      <Filter>Core\Systems\Interface</Filter>
    </ClCompile>
    <ClCompile Include="Core\UI\UI_Main.cpp">
      <Filter>Core\UI</Filter>
    </ClCompile>
    <ClCompile Include="Core\States\Core_State.cpp">
      <Filter>Core\States</Filter>
    </ClCompile>
    <ClCompile Include="Core\States\Infrastructure\Engine\State_Input.cpp">
      <Filter>Core\States\Infrastructure\Engine</Filter>
    </ClCompile>
    <ClCompile Include="Core\States\Infrastructure\Engine\State_Lifecycle.cpp">
      <Filter>Core\States\Infrastructure\Engine</Filter>
    </ClCompile>
    <ClCompile Include="Core\States\Infrastructure\Engine\State_Render.cpp">
      <Filter>Core\States\Infrastructure\Engine</Filter>
    </ClCompile>
    <ClCompile Include="Core\States\Infrastructure\Persistence\State_Settings.cpp">
      <Filter>Core\States\Infrastructure\Persistence</Filter>
    </ClCompile>
    <ClCompile Include="Core\Systems\Infrastructure\Engine\System_Input.cpp">
      <Filter>Core\Systems\Infrastructure\Engine</Filter>
    </ClCompile>
    <ClCompile Include="Core\Systems\Infrastructure\Engine\System_Lifecycle.cpp">
      <Filter>Core\Systems\Infrastructure\Engine</Filter>
    </ClCompile>
    <ClCompile Include="Core\Systems\Infrastructure\Engine\System_Render.cpp">
      <Filter>Core\Systems\Infrastructure\Engine</Filter>
    </ClCompile>
    <ClCompile Include="Core\Systems\Infrastructure\Engine\System_Scanner.cpp">
      <Filter>Core\Systems\Infrastructure\Engine</Filter>
    </ClCompile>
    <ClCompile Include="Core\Systems\Infrastructure\Persistence\System_Preferences.cpp">
      <Filter>Core\Systems\Infrastructure\Persistence</Filter>
    </ClCompile>
    <ClCompile Include="Core\Systems\Infrastructure\Persistence\System_Settings.cpp">
      <Filter>Core\Systems\Infrastructure\Persistence</Filter>
    </ClCompile>
    <ClCompile Include="Core\Systems\Core_System.cpp">
      <Filter>Core\Systems</Filter>
    </ClCompile>
    <ClCompile Include="Core\States\Domain\Core_State_Domain.cpp">
      <Filter>Core\States\Domain</Filter>
    </ClCompile>
    <ClCompile Include="Core\States\Infrastructure\Core_State_Infrastructure.cpp">
      <Filter>Core\States\Infrastructure</Filter>
    </ClCompile>
    <ClCompile Include="Core\Systems\Domain\Core_System_Domain.cpp">
      <Filter>Core\Systems\Domain</Filter>
    </ClCompile>
    <ClCompile Include="Core\Systems\Infrastructure\Core_System_Infrastructure.cpp">
      <Filter>Core\Systems\Infrastructure</Filter>
    </ClCompile>
    <ClCompile Include="Core\Threads\Domain\Thread_Main.cpp">
      <Filter>Core\Threads\Domain</Filter>
    </ClCompile>
    <ClCompile Include="Core\Threads\Infrastructure\Thread_Input.cpp">
      <Filter>Core\Threads\Infrastructure</Filter>
    </ClCompile>
    <ClCompile Include="Core\Threads\Core_Thread.cpp">
      <Filter>Core\Threads</Filter>
    </ClCompile>
    <ClCompile Include="Core\Systems\Infrastructure\Engine\System_Thread.cpp">
      <Filter>Core\Systems\Infrastructure\Engine</Filter>
    </ClCompile>
    <ClCompile Include="Core\UI\Core_UI.cpp">
      <Filter>Core\UI</Filter>
    </ClCompile>
    <ClCompile Include="pch.cpp" />
    <ClCompile Include="Core\Hooks\Core_Hook.cpp">
      <Filter>Core\Hooks</Filter>
    </ClCompile>
    <ClCompile Include="Core\Systems\Infrastructure\Engine\System_Format.cpp">
      <Filter>Core\Systems\Infrastructure\Engine</Filter>
    </ClCompile>
    <ClCompile Include="Core\Systems\Infrastructure\Engine\System_Dialog.cpp">
      <Filter>Core\Systems\Infrastructure\Engine</Filter>
    </ClCompile>
    <ClCompile Include="Core\Threads\Domain\Thread_AI.cpp">
      <Filter>Core\Threads\Domain</Filter>
    </ClCompile>
    <ClCompile Include="Core\Systems\Domain\Tables\System_ObjectTable.cpp">
      <Filter>Core\Systems\Domain\Tables</Filter>
    </ClCompile>
    <ClCompile Include="Core\Systems\Domain\Map\System_Map.cpp">
      <Filter>Core\Systems\Domain\Map</Filter>
    </ClCompile>
    <ClCompile Include="Core\Systems\Domain\Legacy\System_EventRegistry.cpp">
      <Filter>Core\Systems\Domain\Legacy</Filter>
    </ClCompile>
    <ClCompile Include="Core\Systems\Domain\Legacy\System_Timeline.cpp">
      <Filter>Core\Systems\Domain\Legacy</Filter>
    </ClCompile>
    <ClCompile Include="Core\States\Domain\Legacy\State_EventRegistry.cpp">
      <Filter>Core\States\Domain\Legacy</Filter>
    </ClCompile>
    <ClCompile Include="Core\States\Domain\Legacy\State_Timeline.cpp">
      <Filter>Core\States\Domain\Legacy</Filter>
    </ClCompile>
    <ClCompile Include="Core\States\Domain\Tables\State_ObjectTable.cpp">
      <Filter>Core\States\Domain\Tables</Filter>
    </ClCompile>
    <ClCompile Include="Core\Systems\Domain\Tables\System_PlayerTable.cpp">
      <Filter>Core\Systems\Domain\Tables</Filter>
    </ClCompile>
    <ClCompile Include="Core\States\Domain\Tables\State_PlayerTable.cpp">
      <Filter>Core\States\Domain\Tables</Filter>
    </ClCompile>
    <ClCompile Include="Core\States\Domain\Graph\State_ObjectGraph.cpp">
      <Filter>Core\States\Domain\Graph</Filter>
    </ClCompile>
    <ClCompile Include="Core\Systems\Domain\Graph\System_ObjectGraph.cpp">
      <Filter>Core\Systems\Domain\Graph</Filter>
    </ClCompile>
    <ClCompile Include="Core\Common\Mod_Core.cpp">
      <Filter>Core\Common</Filter>
    </ClCompile>
    <ClCompile Include="Core\States\Domain\Interactable\State_Interactable.cpp">
      <Filter>Core\States\Domain\Interactable</Filter>
    </ClCompile>
    <ClCompile Include="Core\Systems\Domain\Interactable\System_Interactable.cpp">
      <Filter>Core\Systems\Domain\Interactable</Filter>
    </ClCompile>
    <ClCompile Include="Core\Systems\Domain\Tables\System_InteractionTable.cpp">
      <Filter>Core\Systems\Domain\Tables</Filter>
    </ClCompile>
    <ClCompile Include="Core\States\Domain\Tables\State_InteractionTable.cpp">
      <Filter>Core\States\Domain\Tables</Filter>
    </ClCompile>
    <ClCompile Include="Core\Systems\Domain\Map\System_MapTagGroup.cpp">
      <Filter>Core\Systems\Domain\Map</Filter>
    </ClCompile>
    <ClCompile Include="Core\States\Domain\Map\State_Map.cpp">
      <Filter>Core\States\Domain\Map</Filter>
    </ClCompile>
    <ClCompile Include="Core\States\Domain\Map\Bloc\State_MapBloc.cpp">
      <Filter>Core\States\Domain\Map\Bloc</Filter>
    </ClCompile>
    <ClCompile Include="Core\States\Domain\Map\Coll\State_MapColl.cpp">
      <Filter>Core\States\Domain\Map\Coll</Filter>
    </ClCompile>
    <ClCompile Include="Core\States\Domain\Map\Mode\State_MapMode.cpp">
      <Filter>Core\States\Domain\Map\Mode</Filter>
    </ClCompile>
    <ClCompile Include="Core\States\Domain\Map\Phmo\State_MapPhmo.cpp">
      <Filter>Core\States\Domain\Map\Phmo</Filter>
    </ClCompile>
    <ClCompile Include="Core\States\Domain\Map\Proj\State_MapProj.cpp">
      <Filter>Core\States\Domain\Map\Proj</Filter>
    </ClCompile>
    <ClCompile Include="Core\States\Domain\Map\Sbsp\State_MapSbsp.cpp">
      <Filter>Core\States\Domain\Map\Sbsp</Filter>
    </ClCompile>
    <ClCompile Include="Core\States\Domain\Map\Vehi\State_MapVehi.cpp">
      <Filter>Core\States\Domain\Map\Vehi</Filter>
    </ClCompile>
    <ClCompile Include="Core\States\Domain\Map\Weap\State_MapWeap.cpp">
      <Filter>Core\States\Domain\Map\Weap</Filter>
    </ClCompile>
    <ClCompile Include="Core\States\Domain\Map\Bipd\State_MapBipd.cpp">
      <Filter>Core\States\Domain\Map\Bipd</Filter>
    </ClCompile>
    <ClCompile Include="Core\States\Domain\Map\Eqip\State_MapEqip.cpp">
      <Filter>Core\States\Domain\Map\Eqip</Filter>
    </ClCompile>
    <ClCompile Include="Core\States\Domain\Map\Scen\State_MapScen.cpp">
      <Filter>Core\States\Domain\Map\Scen</Filter>
    </ClCompile>
    <ClCompile Include="Core\States\Domain\Map\Scnr\State_MapScnr.cpp">
      <Filter>Core\States\Domain\Map\Scnr</Filter>
    </ClCompile>
    <ClCompile Include="Core\States\Domain\Map\Jmad\State_MapJmad.cpp">
      <Filter>Core\States\Domain\Map\Jmad</Filter>
    </ClCompile>
    <ClCompile Include="Core\States\Domain\Map\Ctrl\State_MapCtrl.cpp">
      <Filter>Core\States\Domain\Map\Ctrl</Filter>
    </ClCompile>
    <ClCompile Include="Core\States\Domain\Navigation\State_Navigation.cpp">
      <Filter>Core\States\Domain\Navigation</Filter>
    </ClCompile>
    <ClCompile Include="Core\Systems\Domain\Navigation\System_Navigation.cpp">
      <Filter>Core\Systems\Domain\Navigation</Filter>
    </ClCompile>
    <ClCompile Include="Core\Systems\Domain\Environment\System_Environment.cpp">
      <Filter>Core\Systems\Domain\Environment</Filter>
    </ClCompile>
    <ClCompile Include="Core\Systems\Domain\Environment\Coll\System_CollGeometryBuilder.cpp">
      <Filter>Core\Systems\Domain\Environment\Coll</Filter>
    </ClCompile>
    <ClCompile Include="Core\States\Domain\Environment\State_Environment.cpp">
      <Filter>Core\States\Domain\Environment</Filter>
    </ClCompile>
    <ClCompile Include="Core\Systems\Domain\Environment\Phmo\System_PhmoGeometryBuilder.cpp">
      <Filter>Core\Systems\Domain\Environment\Phmo</Filter>
    </ClCompile>
    <ClCompile Include="Core\Systems\Domain\Environment\Mode\System_ModeGeometryBuilder.cpp">
      <Filter>Core\Systems\Domain\Environment\Mode</Filter>
    </ClCompile>
    <ClCompile Include="Core\Systems\Domain\Navigation\Sbsp\System_SbspGeometryBuilder.cpp">
      <Filter>Core\Systems\Domain\Navigation\Sbsp</Filter>
    </ClCompile>
    <ClCompile Include="Core\Systems\Domain\Navigation\Sbsp\System_SbspSeamLinker.cpp">
      <Filter>Core\Systems\Domain\Navigation\Sbsp</Filter>
    </ClCompile>
    <ClCompile Include="Core\Systems\Domain\Interactable\Vehi\System_VehiDataBuilder.cpp">
      <Filter>Core\Systems\Domain\Interactable\Vehi</Filter>
    </ClCompile>
    <ClCompile Include="Core\Hooks\Domain\Legacy\Hook_BlamOpenFile.cpp">
      <Filter>Core\Hooks\Domain\Legacy</Filter>
    </ClCompile>
    <ClCompile Include="Core\Hooks\Domain\Legacy\Hook_BuildGameEvent.cpp">
      <Filter>Core\Hooks\Domain\Legacy</Filter>
    </ClCompile>
    <ClCompile Include="Core\Hooks\Domain\Map\Hook_BlamOpenMap.cpp">
      <Filter>Core\Hooks\Domain\Map</Filter>
    </ClCompile>
    <ClCompile Include="Core\Hooks\Domain\Tables\Hook_CreateObject.cpp">
      <Filter>Core\Hooks\Domain\Tables</Filter>
    </ClCompile>
    <ClCompile Include="Core\Hooks\Domain\Tables\Hook_CreatePlayer.cpp">
      <Filter>Core\Hooks\Domain\Tables</Filter>
    </ClCompile>
    <ClCompile Include="Core\Hooks\Domain\Tables\Hook_InteractionTable.cpp">
      <Filter>Core\Hooks\Domain\Tables</Filter>
    </ClCompile>
    <ClCompile Include="Core\Hooks\Domain\Tables\Hook_ObjectTable.cpp">
      <Filter>Core\Hooks\Domain\Tables</Filter>
    </ClCompile>
    <ClCompile Include="Core\Hooks\Domain\Tables\Hook_PlayerTable.cpp">
      <Filter>Core\Hooks\Domain\Tables</Filter>
    </ClCompile>
    <ClCompile Include="Core\Hooks\Domain\Tables\Hook_ReleaseObject.cpp">
      <Filter>Core\Hooks\Domain\Tables</Filter>
    </ClCompile>
    <ClCompile Include="Core\Hooks\Domain\Core_Hook_Domain.cpp">
      <Filter>Core\Hooks\Domain</Filter>
    </ClCompile>
    <ClCompile Include="Core\Hooks\Infrastructure\Input\Hook_GetButtonState.cpp">
      <Filter>Core\Hooks\Infrastructure\Input</Filter>
    </ClCompile>
    <ClCompile Include="Core\Hooks\Infrastructure\Input\Hook_GetRawInputData.cpp">
      <Filter>Core\Hooks\Infrastructure\Input</Filter>
    </ClCompile>
    <ClCompile Include="Core\Hooks\Infrastructure\Lifecycle\Hook_DestroySubsystems.cpp">
      <Filter>Core\Hooks\Infrastructure\Lifecycle</Filter>
    </ClCompile>
    <ClCompile Include="Core\Hooks\Infrastructure\Lifecycle\Hook_EngineInitialize.cpp">
      <Filter>Core\Hooks\Infrastructure\Lifecycle</Filter>
    </ClCompile>
    <ClCompile Include="Core\Hooks\Infrastructure\Lifecycle\Hook_GameEngineInit.cpp">
      <Filter>Core\Hooks\Infrastructure\Lifecycle</Filter>
    </ClCompile>
    <ClCompile Include="Core\Hooks\Infrastructure\Render\Hook_Present.cpp">
      <Filter>Core\Hooks\Infrastructure\Render</Filter>
    </ClCompile>
    <ClCompile Include="Core\Hooks\Infrastructure\Render\Hook_ResizeBuffers.cpp">
      <Filter>Core\Hooks\Infrastructure\Render</Filter>
    </ClCompile>
    <ClCompile Include="Core\Hooks\Infrastructure\Window\Hook_WndProc.cpp">
      <Filter>Core\Hooks\Infrastructure\Window</Filter>
    </ClCompile>
    <ClCompile Include="Core\Hooks\Infrastructure\Core_Hook_Infrastructure.cpp">
      <Filter>Core\Hooks\Infrastructure</Filter>
    </ClCompile>
    <ClCompile Include="Core\UI\Domain\Graph\UI_ObjectGraph.cpp">
      <Filter>Core\UI\Domain\Graph</Filter>
    </ClCompile>
    <ClCompile Include="Core\UI\Domain\Interactable\UI_Interactable.cpp">
      <Filter>Core\UI\Domain\Interactable</Filter>
    </ClCompile>
    <ClCompile Include="Core\UI\Domain\Tables\UI_ObjectTable.cpp">
      <Filter>Core\UI\Domain\Tables</Filter>
    </ClCompile>
    <ClCompile Include="Core\UI\Domain\Tables\UI_PlayerTable.cpp">
      <Filter>Core\UI\Domain\Tables</Filter>
    </ClCompile>
    <ClCompile Include="Core\UI\Infrastructure\UI_Settings.cpp">
      <Filter>Core\UI\Infrastructure</Filter>
    </ClCompile>
    <ClCompile Include="Core\UI\Interface\UI_Logs.cpp">
      <Filter>Core\UI\Interface</Filter>
    </ClCompile>
    <ClCompile Include="Core\UI\Domain\Legacy\UI_EventRegistry.cpp">
      <Filter>Core\UI\Domain\Legacy</Filter>
    </ClCompile>
    <ClCompile Include="Core\Systems\Domain\Environment\Scnr\System_ScnrZoneBuilder.cpp">
      <Filter>Core\Systems\Domain\Environment\Scnr</Filter>
    </ClCompile>
    <ClCompile Include="Core\Systems\Domain\Environment\Bipd\System_BipdDataBuilder.cpp">
      <Filter>Core\Systems\Domain\Environment\Bipd</Filter>
    </ClCompile>
    <ClCompile Include="Core\Systems\Domain\Interactable\Eqip\System_EqipDataBuilder.cpp">
      <Filter>Core\Systems\Domain\Interactable\Eqip</Filter>
    </ClCompile>
    <ClCompile Include="Core\Systems\Domain\Interactable\Weap\System_WeapDataBuilder.cpp">
      <Filter>Core\Systems\Domain\Interactable\Weap</Filter>
    </ClCompile>
    <ClCompile Include="Core\Systems\Domain\Interactable\Proj\System_ProjDataBuilder.cpp">
      <Filter>Core\Systems\Domain\Interactable\Projectile</Filter>
    </ClCompile>
    <ClCompile Include="Core\States\Domain\Map\Mach\State_MapMach.cpp">
      <Filter>Core\States\Domain\Map\Mach</Filter>
    </ClCompile>
    <ClCompile Include="Core\Systems\Domain\Interactable\Ctrl\System_CtrlDataBuilder.cpp">
      <Filter>Core\Systems\Domain\Interactable\Ctrl</Filter>
    </ClCompile>
    <ClCompile Include="Core\Systems\Domain\Navigation\Scen\System_ScenObstacleBuilder.cpp">
      <Filter>Core\Systems\Domain\Navigation\Scen</Filter>
    </ClCompile>
    <ClCompile Include="Core\Systems\Domain\Environment\Scen\System_ScenZoneBuilder.cpp">
      <Filter>Core\Systems\Domain\Environment\Scen</Filter>
    </ClCompile>
    <ClCompile Include="Core\Systems\Domain\Navigation\Bloc\System_BlocObstacleBuilder.cpp">
      <Filter>Core\Systems\Domain\Navigation\Bloc</Filter>
    </ClCompile>
    <ClCompile Include="Core\Systems\Domain\Navigation\Bloc\System_BlocTeleporterBuilder.cpp">
      <Filter>Core\Systems\Domain\Navigation\Bloc</Filter>
    </ClCompile>
    <ClCompile Include="Core\Systems\Domain\Navigation\Mach\System_MachDataBuilder.cpp">
      <Filter>Core\Systems\Domain\Navigation\Mach</Filter>
    </ClCompile>
  </ItemGroup>
</Project>